// !$*UTF8*$!
{
	archiveVersion = 1;
	classes = {
	};
	objectVersion = 77;
	objects = {

/* Begin PBXBuildFile section */
		D0B8B6B82F52D6550008BCB4 /* KeyboardShortcuts in Frameworks */ = {isa = PBXBuildFile; productRef = D0B8B6B72F52D6550008BCB4 /* KeyboardShortcuts */; };
/* End PBXBuildFile section */

/* Begin PBXContainerItemProxy section */
		D0B8B6932F52D1B70008BCB4 /* PBXContainerItemProxy */ = {
			isa = PBXContainerItemProxy;
			containerPortal = D0B8B67D2F52D1B50008BCB4 /* Project object */;
			proxyType = 1;
			remoteGlobalIDString = D0B8B6842F52D1B50008BCB4;
			remoteInfo = vimhint;
		};
		D0B8B69D2F52D1B70008BCB4 /* PBXContainerItemProxy */ = {
			isa = PBXContainerItemProxy;
			containerPortal = D0B8B67D2F52D1B50008BCB4 /* Project object */;
			proxyType = 1;
			remoteGlobalIDString = D0B8B6842F52D1B50008BCB4;
			remoteInfo = vimhint;
		};
/* End PBXContainerItemProxy section */

/* Begin PBXFileReference section */
		D0B8B6852F52D1B50008BCB4 /* vimhint.app */ = {isa = PBXFileReference; explicitFileType = wrapper.application; includeInIndex = 0; path = vimhint.app; sourceTree = BUILT_PRODUCTS_DIR; };
		D0B8B6922F52D1B70008BCB4 /* vimhintTests.xctest */ = {isa = PBXFileReference; explicitFileType = wrapper.cfbundle; includeInIndex = 0; path = vimhintTests.xctest; sourceTree = BUILT_PRODUCTS_DIR; };
		D0B8B69C2F52D1B70008BCB4 /* vimhintUITests.xctest */ = {isa = PBXFileReference; explicitFileType = wrapper.cfbundle; includeInIndex = 0; path = vimhintUITests.xctest; sourceTree = BUILT_PRODUCTS_DIR; };
/* End PBXFileReference section */

/* Begin PBXFileSystemSynchronizedRootGroup section */
		D0B8B6872F52D1B50008BCB4 /* vimhint */ = {
			isa = PBXFileSystemSynchronizedRootGroup;
			path = vimhint;
			sourceTree = "<group>";
		};
		D0B8B6952F52D1B70008BCB4 /* vimhintTests */ = {
			isa = PBXFileSystemSynchronizedRootGroup;
			path = vimhintTests;
			sourceTree = "<group>";
		};
		D0B8B69F2F52D1B70008BCB4 /* vimhintUITests */ = {
			isa = PBXFileSystemSynchronizedRootGroup;
			path = vimhintUITests;
			sourceTree = "<group>";
		};
/* End PBXFileSystemSynchronizedRootGroup section */

/* Begin PBXFrameworksBuildPhase section */
		D0B8B6822F52D1B50008BCB4 /* Frameworks */ = {
			isa = PBXFrameworksBuildPhase;
			buildActionMask = 2147483647;
			files = (
				D0B8B6B82F52D6550008BCB4 /* KeyboardShortcuts in Frameworks */,
			);
			runOnlyForDeploymentPostprocessing = 0;
		};
		D0B8B68F2F52D1B70008BCB4 /* Frameworks */ = {
			isa = PBXFrameworksBuildPhase;
			buildActionMask = 2147483647;
			files = (
			);
			runOnlyForDeploymentPostprocessing = 0;
		};
		D0B8B6992F52D1B70008BCB4 /* Frameworks */ = {
			isa = PBXFrameworksBuildPhase;
			buildActionMask = 2147483647;
			files = (
			);
			runOnlyForDeploymentPostprocessing = 0;
		};
/* End PBXFrameworksBuildPhase section */

/* Begin PBXGroup section */
		D0B8B67C2F52D1B50008BCB4 = {
			isa = PBXGroup;
			children = (
				D0B8B6872F52D1B50008BCB4 /* vimhint */,
				D0B8B6952F52D1B70008BCB4 /* vimhintTests */,
				D0B8B69F2F52D1B70008BCB4 /* vimhintUITests */,
				D0B8B6B62F52D6550008BCB4 /* Frameworks */,
				D0B8B6862F52D1B50008BCB4 /* Products */,
			);
			sourceTree = "<group>";
		};
		D0B8B6862F52D1B50008BCB4 /* Products */ = {
			isa = PBXGroup;
			children = (
				D0B8B6852F52D1B50008BCB4 /* vimhint.app */,
				D0B8B6922F52D1B70008BCB4 /* vimhintTests.xctest */,
				D0B8B69C2F52D1B70008BCB4 /* vimhintUITests.xctest */,
			);
			name = Products;
			sourceTree = "<group>";
		};
		D0B8B6B62F52D6550008BCB4 /* Frameworks */ = {
			isa = PBXGroup;
			children = (
			);
			name = Frameworks;
			sourceTree = "<group>";
		};
/* End PBXGroup section */

/* Begin PBXNativeTarget section */
		D0B8B6842F52D1B50008BCB4 /* vimhint */ = {
			isa = PBXNativeTarget;
			buildConfigurationList = D0B8B6A62F52D1B70008BCB4 /* Build configuration list for PBXNativeTarget "vimhint" */;
			buildPhases = (
				D0B8B6812F52D1B50008BCB4 /* Sources */,
				D0B8B6822F52D1B50008BCB4 /* Frameworks */,
				D0B8B6832F52D1B50008BCB4 /* Resources */,
			);
			buildRules = (
			);
			dependencies = (
			);
			fileSystemSynchronizedGroups = (
				D0B8B6872F52D1B50008BCB4 /* vimhint */,
			);
			name = vimhint;
			packageProductDependencies = (
				D0B8B6B72F52D6550008BCB4 /* KeyboardShortcuts */,
			);
			productName = vimhint;
			productReference = D0B8B6852F52D1B50008BCB4 /* vimhint.app */;
			productType = "com.apple.product-type.application";
		};
		D0B8B6912F52D1B70008BCB4 /* vimhintTests */ = {
			isa = PBXNativeTarget;
			buildConfigurationList = D0B8B6A92F52D1B70008BCB4 /* Build configuration list for PBXNativeTarget "vimhintTests" */;
			buildPhases = (
				D0B8B68E2F52D1B70008BCB4 /* Sources */,
				D0B8B68F2F52D1B70008BCB4 /* Frameworks */,
				D0B8B6902F52D1B70008BCB4 /* Resources */,
			);
			buildRules = (
			);
			dependencies = (
				D0B8B6942F52D1B70008BCB4 /* PBXTargetDependency */,
			);
			fileSystemSynchronizedGroups = (
				D0B8B6952F52D1B70008BCB4 /* vimhintTests */,
			);
			name = vimhintTests;
			packageProductDependencies = (
			);
			productName = vimhintTests;
			productReference = D0B8B6922F52D1B70008BCB4 /* vimhintTests.xctest */;
			productType = "com.apple.product-type.bundle.unit-test";
		};
		D0B8B69B2F52D1B70008BCB4 /* vimhintUITests */ = {
			isa = PBXNativeTarget;
			buildConfigurationList = D0B8B6AC2F52D1B70008BCB4 /* Build configuration list for PBXNativeTarget "vimhintUITests" */;
			buildPhases = (
				D0B8B6982F52D1B70008BCB4 /* Sources */,
				D0B8B6992F52D1B70008BCB4 /* Frameworks */,
				D0B8B69A2F52D1B70008BCB4 /* Resources */,
			);
			buildRules = (
			);
			dependencies = (
				D0B8B69E2F52D1B70008BCB4 /* PBXTargetDependency */,
			);
			fileSystemSynchronizedGroups = (
				D0B8B69F2F52D1B70008BCB4 /* vimhintUITests */,
			);
			name = vimhintUITests;
			packageProductDependencies = (
			);
			productName = vimhintUITests;
			productReference = D0B8B69C2F52D1B70008BCB4 /* vimhintUITests.xctest */;
			productType = "com.apple.product-type.bundle.ui-testing";
		};
/* End PBXNativeTarget section */

/* Begin PBXProject section */
		D0B8B67D2F52D1B50008BCB4 /* Project object */ = {
			isa = PBXProject;
			attributes = {
				BuildIndependentTargetsInParallel = 1;
				LastSwiftUpdateCheck = 2630;
				LastUpgradeCheck = 2630;
				TargetAttributes = {
					D0B8B6842F52D1B50008BCB4 = {
						CreatedOnToolsVersion = 26.3;
					};
					D0B8B6912F52D1B70008BCB4 = {
						CreatedOnToolsVersion = 26.3;
						TestTargetID = D0B8B6842F52D1B50008BCB4;
					};
					D0B8B69B2F52D1B70008BCB4 = {
						CreatedOnToolsVersion = 26.3;
						TestTargetID = D0B8B6842F52D1B50008BCB4;
					};
				};
			};
			buildConfigurationList = D0B8B6802F52D1B50008BCB4 /* Build configuration list for PBXProject "vimhint" */;
			developmentRegion = en;
			hasScannedForEncodings = 0;
			knownRegions = (
				en,
				Base,
			);
			mainGroup = D0B8B67C2F52D1B50008BCB4;
			minimizedProjectReferenceProxies = 1;
			packageReferences = (
				D0B8B6AF2F52D2B20008BCB4 /* XCRemoteSwiftPackageReference "KeyboardShortcuts" */,
			);
			preferredProjectObjectVersion = 77;
			productRefGroup = D0B8B6862F52D1B50008BCB4 /* Products */;
			projectDirPath = "";
			projectRoot = "";
			targets = (
				D0B8B6842F52D1B50008BCB4 /* vimhint */,
				D0B8B6912F52D1B70008BCB4 /* vimhintTests */,
				D0B8B69B2F52D1B70008BCB4 /* vimhintUITests */,
			);
		};
/* End PBXProject section */

/* Begin PBXResourcesBuildPhase section */
		D0B8B6832F52D1B50008BCB4 /* Resources */ = {
			isa = PBXResourcesBuildPhase;
			buildActionMask = 2147483647;
			files = (
			);
			runOnlyForDeploymentPostprocessing = 0;
		};
		D0B8B6902F52D1B70008BCB4 /* Resources */ = {
			isa = PBXResourcesBuildPhase;
			buildActionMask = 2147483647;
			files = (
			);
			runOnlyForDeploymentPostprocessing = 0;
		};
		D0B8B69A2F52D1B70008BCB4 /* Resources */ = {
			isa = PBXResourcesBuildPhase;
			buildActionMask = 2147483647;
			files = (
			);
			runOnlyForDeploymentPostprocessing = 0;
		};
/* End PBXResourcesBuildPhase section */

/* Begin PBXSourcesBuildPhase section */
		D0B8B6812F52D1B50008BCB4 /* Sources */ = {
			isa = PBXSourcesBuildPhase;
			buildActionMask = 2147483647;
			files = (
			);
			runOnlyForDeploymentPostprocessing = 0;
		};
		D0B8B68E2F52D1B70008BCB4 /* Sources */ = {
			isa = PBXSourcesBuildPhase;
			buildActionMask = 2147483647;
			files = (
			);
			runOnlyForDeploymentPostprocessing = 0;
		};
		D0B8B6982F52D1B70008BCB4 /* Sources */ = {
			isa = PBXSourcesBuildPhase;
			buildActionMask = 2147483647;
			files = (
			);
			runOnlyForDeploymentPostprocessing = 0;
		};
/* End PBXSourcesBuildPhase section */

/* Begin PBXTargetDependency section */
		D0B8B6942F52D1B70008BCB4 /* PBXTargetDependency */ = {
			isa = PBXTargetDependency;
			target = D0B8B6842F52D1B50008BCB4 /* vimhint */;
			targetProxy = D0B8B6932F52D1B70008BCB4 /* PBXContainerItemProxy */;
		};
		D0B8B69E2F52D1B70008BCB4 /* PBXTargetDependency */ = {
			isa = PBXTargetDependency;
			target = D0B8B6842F52D1B50008BCB4 /* vimhint */;
			targetProxy = D0B8B69D2F52D1B70008BCB4 /* PBXContainerItemProxy */;
		};
/* End PBXTargetDependency section */

/* Begin XCBuildConfiguration section */
		D0B8B6A42F52D1B70008BCB4 /* Debug */ = {
			isa = XCBuildConfiguration;
			buildSettings = {
				ALWAYS_SEARCH_USER_PATHS = NO;
				ASSETCATALOG_COMPILER_GENERATE_SWIFT_ASSET_SYMBOL_EXTENSIONS = YES;
				CLANG_ANALYZER_NONNULL = YES;
				CLANG_ANALYZER_NUMBER_OBJECT_CONVERSION = YES_AGGRESSIVE;
				CLANG_CXX_LANGUAGE_STANDARD = "gnu++20";
				CLANG_ENABLE_MODULES = YES;
				CLANG_ENABLE_OBJC_ARC = YES;
				CLANG_ENABLE_OBJC_WEAK = YES;
				CLANG_WARN_BLOCK_CAPTURE_AUTORELEASING = YES;
				CLANG_WARN_BOOL_CONVERSION = YES;
				CLANG_WARN_COMMA = YES;
				CLANG_WARN_CONSTANT_CONVERSION = YES;
				CLANG_WARN_DEPRECATED_OBJC_IMPLEMENTATIONS = YES;
				CLANG_WARN_DIRECT_OBJC_ISA_USAGE = YES_ERROR;
				CLANG_WARN_DOCUMENTATION_COMMENTS = YES;
				CLANG_WARN_EMPTY_BODY = YES;
				CLANG_WARN_ENUM_CONVERSION = YES;
				CLANG_WARN_INFINITE_RECURSION = YES;
				CLANG_WARN_INT_CONVERSION = YES;
				CLANG_WARN_NON_LITERAL_NULL_CONVERSION = YES;
				CLANG_WARN_OBJC_IMPLICIT_RETAIN_SELF = YES;
				CLANG_WARN_OBJC_LITERAL_CONVERSION = YES;
				CLANG_WARN_OBJC_ROOT_CLASS = YES_ERROR;
				CLANG_WARN_QUOTED_INCLUDE_IN_FRAMEWORK_HEADER = YES;
				CLANG_WARN_RANGE_LOOP_ANALYSIS = YES;
				CLANG_WARN_STRICT_PROTOTYPES = YES;
				CLANG_WARN_SUSPICIOUS_MOVE = YES;
				CLANG_WARN_UNGUARDED_AVAILABILITY = YES_AGGRESSIVE;
				CLANG_WARN_UNREACHABLE_CODE = YES;
				CLANG_WARN__DUPLICATE_METHOD_MATCH = YES;
				COPY_PHASE_STRIP = NO;
				DEBUG_INFORMATION_FORMAT = dwarf;
				DEVELOPMENT_TEAM = H39M8V6GJM;
				ENABLE_STRICT_OBJC_MSGSEND = YES;
				ENABLE_TESTABILITY = YES;
				ENABLE_USER_SCRIPT_SANDBOXING = YES;
				GCC_C_LANGUAGE_STANDARD = gnu17;
				GCC_DYNAMIC_NO_PIC = NO;
				GCC_NO_COMMON_BLOCKS = YES;
				GCC_OPTIMIZATION_LEVEL = 0;
				GCC_PREPROCESSOR_DEFINITIONS = (
					"DEBUG=1",
					"$(inherited)",
				);
				GCC_WARN_64_TO_32_BIT_CONVERSION = YES;
				GCC_WARN_ABOUT_RETURN_TYPE = YES_ERROR;
				GCC_WARN_UNDECLARED_SELECTOR = YES;
				GCC_WARN_UNINITIALIZED_AUTOS = YES_AGGRESSIVE;
				GCC_WARN_UNUSED_FUNCTION = YES;
				GCC_WARN_UNUSED_VARIABLE = YES;
				LOCALIZATION_PREFERS_STRING_CATALOGS = YES;
				MACOSX_DEPLOYMENT_TARGET = 26.0;
				MTL_ENABLE_DEBUG_INFO = INCLUDE_SOURCE;
				MTL_FAST_MATH = YES;
				ONLY_ACTIVE_ARCH = YES;
				SDKROOT = macosx;
				SWIFT_ACTIVE_COMPILATION_CONDITIONS = "DEBUG $(inherited)";
				SWIFT_OPTIMIZATION_LEVEL = "-Onone";
			};
			name = Debug;
		};
		D0B8B6A52F52D1B70008BCB4 /* Release */ = {
			isa = XCBuildConfiguration;
			buildSettings = {
				ALWAYS_SEARCH_USER_PATHS = NO;
				ASSETCATALOG_COMPILER_GENERATE_SWIFT_ASSET_SYMBOL_EXTENSIONS = YES;
				CLANG_ANALYZER_NONNULL = YES;
				CLANG_ANALYZER_NUMBER_OBJECT_CONVERSION = YES_AGGRESSIVE;
				CLANG_CXX_LANGUAGE_STANDARD = "gnu++20";
				CLANG_ENABLE_MODULES = YES;
				CLANG_ENABLE_OBJC_ARC = YES;
				CLANG_ENABLE_OBJC_WEAK = YES;
				CLANG_WARN_BLOCK_CAPTURE_AUTORELEASING = YES;
				CLANG_WARN_BOOL_CONVERSION = YES;
				CLANG_WARN_COMMA = YES;
				CLANG_WARN_CONSTANT_CONVERSION = YES;
				CLANG_WARN_DEPRECATED_OBJC_IMPLEMENTATIONS = YES;
				CLANG_WARN_DIRECT_OBJC_ISA_USAGE = YES_ERROR;
				CLANG_WARN_DOCUMENTATION_COMMENTS = YES;
				CLANG_WARN_EMPTY_BODY = YES;
				CLANG_WARN_ENUM_CONVERSION = YES;
				CLANG_WARN_INFINITE_RECURSION = YES;
				CLANG_WARN_INT_CONVERSION = YES;
				CLANG_WARN_NON_LITERAL_NULL_CONVERSION = YES;
				CLANG_WARN_OBJC_IMPLICIT_RETAIN_SELF = YES;
				CLANG_WARN_OBJC_LITERAL_CONVERSION = YES;
				CLANG_WARN_OBJC_ROOT_CLASS = YES_ERROR;
				CLANG_WARN_QUOTED_INCLUDE_IN_FRAMEWORK_HEADER = YES;
				CLANG_WARN_RANGE_LOOP_ANALYSIS = YES;
				CLANG_WARN_STRICT_PROTOTYPES = YES;
				CLANG_WARN_SUSPICIOUS_MOVE = YES;
				CLANG_WARN_UNGUARDED_AVAILABILITY = YES_AGGRESSIVE;
				CLANG_WARN_UNREACHABLE_CODE = YES;
				CLANG_WARN__DUPLICATE_METHOD_MATCH = YES;
				COPY_PHASE_STRIP = NO;
				DEBUG_INFORMATION_FORMAT = "dwarf-with-dsym";
				DEVELOPMENT_TEAM = H39M8V6GJM;
				ENABLE_NS_ASSERTIONS = NO;
				ENABLE_STRICT_OBJC_MSGSEND = YES;
				ENABLE_USER_SCRIPT_SANDBOXING = YES;
				GCC_C_LANGUAGE_STANDARD = gnu17;
				GCC_NO_COMMON_BLOCKS = YES;
				GCC_WARN_64_TO_32_BIT_CONVERSION = YES;
				GCC_WARN_ABOUT_RETURN_TYPE = YES_ERROR;
				GCC_WARN_UNDECLARED_SELECTOR = YES;
				GCC_WARN_UNINITIALIZED_AUTOS = YES_AGGRESSIVE;
				GCC_WARN_UNUSED_FUNCTION = YES;
				GCC_WARN_UNUSED_VARIABLE = YES;
				LOCALIZATION_PREFERS_STRING_CATALOGS = YES;
				MACOSX_DEPLOYMENT_TARGET = 26.0;
				MTL_ENABLE_DEBUG_INFO = NO;
				MTL_FAST_MATH = YES;
				SDKROOT = macosx;
				SWIFT_COMPILATION_MODE = wholemodule;
			};
			name = Release;
		};
		D0B8B6A72F52D1B70008BCB4 /* Debug */ = {
			isa = XCBuildConfiguration;
			buildSettings = {
				ASSETCATALOG_COMPILER_APPICON_NAME = AppIcon;
				ASSETCATALOG_COMPILER_GLOBAL_ACCENT_COLOR_NAME = AccentColor;
				CODE_SIGN_STYLE = Automatic;
				COMBINE_HIDPI_IMAGES = YES;
				CURRENT_PROJECT_VERSION = 1;
				DEVELOPMENT_TEAM = H39M8V6GJM;
				ENABLE_APP_SANDBOX = YES;
				ENABLE_HARDENED_RUNTIME = YES;
				ENABLE_PREVIEWS = YES;
				ENABLE_USER_SELECTED_FILES = readonly;
				GENERATE_INFOPLIST_FILE = YES;
				INFOPLIST_KEY_LSUIElement = YES;
				INFOPLIST_KEY_NSHumanReadableCopyright = "";
				LD_RUNPATH_SEARCH_PATHS = (
					"$(inherited)",
					"@executable_path/../Frameworks",
				);
				MARKETING_VERSION = 1.0;
				PRODUCT_BUNDLE_IDENTIFIER = com.kyle.vimhint;
				PRODUCT_NAME = "$(TARGET_NAME)";
				REGISTER_APP_GROUPS = YES;
				STRING_CATALOG_GENERATE_SYMBOLS = YES;
				SWIFT_APPROACHABLE_CONCURRENCY = YES;
				SWIFT_DEFAULT_ACTOR_ISOLATION = MainActor;
				SWIFT_EMIT_LOC_STRINGS = YES;
				SWIFT_UPCOMING_FEATURE_MEMBER_IMPORT_VISIBILITY = YES;
				SWIFT_VERSION = 5.0;
			};
			name = Debug;
		};
		D0B8B6A82F52D1B70008BCB4 /* Release */ = {
			isa = XCBuildConfiguration;
			buildSettings = {
				ASSETCATALOG_COMPILER_APPICON_NAME = AppIcon;
				ASSETCATALOG_COMPILER_GLOBAL_ACCENT_COLOR_NAME = AccentColor;
				CODE_SIGN_STYLE = Automatic;
				COMBINE_HIDPI_IMAGES = YES;
				CURRENT_PROJECT_VERSION = 1;
				DEVELOPMENT_TEAM = H39M8V6GJM;
				ENABLE_APP_SANDBOX = YES;
				ENABLE_HARDENED_RUNTIME = YES;
				ENABLE_PREVIEWS = YES;
				ENABLE_USER_SELECTED_FILES = readonly;
				GENERATE_INFOPLIST_FILE = YES;
				INFOPLIST_KEY_LSUIElement = YES;
				INFOPLIST_KEY_NSHumanReadableCopyright = "";
				LD_RUNPATH_SEARCH_PATHS = (
					"$(inherited)",
					"@executable_path/../Frameworks",
				);
				MARKETING_VERSION = 1.0;
				PRODUCT_BUNDLE_IDENTIFIER = com.kyle.vimhint;
				PRODUCT_NAME = "$(TARGET_NAME)";
				REGISTER_APP_GROUPS = YES;
				STRING_CATALOG_GENERATE_SYMBOLS = YES;
				SWIFT_APPROACHABLE_CONCURRENCY = YES;
				SWIFT_DEFAULT_ACTOR_ISOLATION = MainActor;
				SWIFT_EMIT_LOC_STRINGS = YES;
				SWIFT_UPCOMING_FEATURE_MEMBER_IMPORT_VISIBILITY = YES;
				SWIFT_VERSION = 5.0;
			};
			name = Release;
		};
		D0B8B6AA2F52D1B70008BCB4 /* Debug */ = {
			isa = XCBuildConfiguration;
			buildSettings = {
				BUNDLE_LOADER = "$(TEST_HOST)";
				CODE_SIGN_STYLE = Automatic;
				CURRENT_PROJECT_VERSION = 1;
				DEVELOPMENT_TEAM = H39M8V6GJM;
				GENERATE_INFOPLIST_FILE = YES;
				MACOSX_DEPLOYMENT_TARGET = 26.0;
				MARKETING_VERSION = 1.0;
				PRODUCT_BUNDLE_IDENTIFIER = com.kyle.vimhintTests;
				PRODUCT_NAME = "$(TARGET_NAME)";
				STRING_CATALOG_GENERATE_SYMBOLS = NO;
				SWIFT_APPROACHABLE_CONCURRENCY = YES;
				SWIFT_EMIT_LOC_STRINGS = NO;
				SWIFT_UPCOMING_FEATURE_MEMBER_IMPORT_VISIBILITY = YES;
				SWIFT_VERSION = 5.0;
				TEST_HOST = "$(BUILT_PRODUCTS_DIR)/vimhint.app/$(BUNDLE_EXECUTABLE_FOLDER_PATH)/vimhint";
			};
			name = Debug;
		};
		D0B8B6AB2F52D1B70008BCB4 /* Release */ = {
			isa = XCBuildConfiguration;
			buildSettings = {
				BUNDLE_LOADER = "$(TEST_HOST)";
				CODE_SIGN_STYLE = Automatic;
				CURRENT_PROJECT_VERSION = 1;
				DEVELOPMENT_TEAM = H39M8V6GJM;
				GENERATE_INFOPLIST_FILE = YES;
				MACOSX_DEPLOYMENT_TARGET = 26.0;
				MARKETING_VERSION = 1.0;
				PRODUCT_BUNDLE_IDENTIFIER = com.kyle.vimhintTests;
				PRODUCT_NAME = "$(TARGET_NAME)";
				STRING_CATALOG_GENERATE_SYMBOLS = NO;
				SWIFT_APPROACHABLE_CONCURRENCY = YES;
				SWIFT_EMIT_LOC_STRINGS = NO;
				SWIFT_UPCOMING_FEATURE_MEMBER_IMPORT_VISIBILITY = YES;
				SWIFT_VERSION = 5.0;
				TEST_HOST = "$(BUILT_PRODUCTS_DIR)/vimhint.app/$(BUNDLE_EXECUTABLE_FOLDER_PATH)/vimhint";
			};
			name = Release;
		};
		D0B8B6AD2F52D1B70008BCB4 /* Debug */ = {
			isa = XCBuildConfiguration;
			buildSettings = {
				CODE_SIGN_STYLE = Automatic;
				CURRENT_PROJECT_VERSION = 1;
				DEVELOPMENT_TEAM = H39M8V6GJM;
				GENERATE_INFOPLIST_FILE = YES;
				MARKETING_VERSION = 1.0;
				PRODUCT_BUNDLE_IDENTIFIER = com.kyle.vimhintUITests;
				PRODUCT_NAME = "$(TARGET_NAME)";
				STRING_CATALOG_GENERATE_SYMBOLS = NO;
				SWIFT_APPROACHABLE_CONCURRENCY = YES;
				SWIFT_EMIT_LOC_STRINGS = NO;
				SWIFT_UPCOMING_FEATURE_MEMBER_IMPORT_VISIBILITY = YES;
				SWIFT_VERSION = 5.0;
				TEST_TARGET_NAME = vimhint;
			};
			name = Debug;
		};
		D0B8B6AE2F52D1B70008BCB4 /* Release */ = {
			isa = XCBuildConfiguration;
			buildSettings = {
				CODE_SIGN_STYLE = Automatic;
				CURRENT_PROJECT_VERSION = 1;
				DEVELOPMENT_TEAM = H39M8V6GJM;
				GENERATE_INFOPLIST_FILE = YES;
				MARKETING_VERSION = 1.0;
				PRODUCT_BUNDLE_IDENTIFIER = com.kyle.vimhintUITests;
				PRODUCT_NAME = "$(TARGET_NAME)";
				STRING_CATALOG_GENERATE_SYMBOLS = NO;
				SWIFT_APPROACHABLE_CONCURRENCY = YES;
				SWIFT_EMIT_LOC_STRINGS = NO;
				SWIFT_UPCOMING_FEATURE_MEMBER_IMPORT_VISIBILITY = YES;
				SWIFT_VERSION = 5.0;
				TEST_TARGET_NAME = vimhint;
			};
			name = Release;
		};
/* End XCBuildConfiguration section */

/* Begin XCConfigurationList section */
		D0B8B6802F52D1B50008BCB4 /* Build configuration list for PBXProject "vimhint" */ = {
			isa = XCConfigurationList;
			buildConfigurations = (
				D0B8B6A42F52D1B70008BCB4 /* Debug */,
				D0B8B6A52F52D1B70008BCB4 /* Release */,
			);
			defaultConfigurationIsVisible = 0;
			defaultConfigurationName = Release;
		};
		D0B8B6A62F52D1B70008BCB4 /* Build configuration list for PBXNativeTarget "vimhint" */ = {
			isa = XCConfigurationList;
			buildConfigurations = (
				D0B8B6A72F52D1B70008BCB4 /* Debug */,
				D0B8B6A82F52D1B70008BCB4 /* Release */,
			);
			defaultConfigurationIsVisible = 0;
			defaultConfigurationName = Release;
		};
		D0B8B6A92F52D1B70008BCB4 /* Build configuration list for PBXNativeTarget "vimhintTests" */ = {
			isa = XCConfigurationList;
			buildConfigurations = (
				D0B8B6AA2F52D1B70008BCB4 /* Debug */,
				D0B8B6AB2F52D1B70008BCB4 /* Release */,
			);
			defaultConfigurationIsVisible = 0;
			defaultConfigurationName = Release;
		};
		D0B8B6AC2F52D1B70008BCB4 /* Build configuration list for PBXNativeTarget "vimhintUITests" */ = {
			isa = XCConfigurationList;
			buildConfigurations = (
				D0B8B6AD2F52D1B70008BCB4 /* Debug */,
				D0B8B6AE2F52D1B70008BCB4 /* Release */,
			);
			defaultConfigurationIsVisible = 0;
			defaultConfigurationName = Release;
		};
/* End XCConfigurationList section */

/* Begin XCRemoteSwiftPackageReference section */
		D0B8B6AF2F52D2B20008BCB4 /* XCRemoteSwiftPackageReference "KeyboardShortcuts" */ = {
			isa = XCRemoteSwiftPackageReference;
			repositoryURL = "https://github.com/sindresorhus/KeyboardShortcuts";
			requirement = {
				kind = upToNextMajorVersion;
				minimumVersion = 2.4.0;
			};
		};
/* End XCRemoteSwiftPackageReference section */

/* Begin XCSwiftPackageProductDependency section */
		D0B8B6B72F52D6550008BCB4 /* KeyboardShortcuts */ = {
			isa = XCSwiftPackageProductDependency;
			package = D0B8B6AF2F52D2B20008BCB4 /* XCRemoteSwiftPackageReference "KeyboardShortcuts" */;
			productName = KeyboardShortcuts;
		};
/* End XCSwiftPackageProductDependency section */
	};
	rootObject = D0B8B67D2F52D1B50008BCB4 /* Project object */;
}
